
Microsoft Visual Studio Solution File, Format Version 12.00
# Visual Studio Version 16
VisualStudioVersion = 16.0.32126.315
MinimumVisualStudioVersion = 10.0.40219.1
Project("{FAE04EC0-301F-11D3-BF4B-00C04F79EFBC}") = "DATAACCESS", "DATAACCESS\DATAACCESS.csproj", "{EDD61B8A-24B1-423D-8C6D-AB85A2F59FEC}"
EndProject
Project("{FAE04EC0-301F-11D3-BF4B-00C04F79EFBC}") = "CONTROLLER", "CONTROLLER\CONTROLLER.csproj", "{0FA79C76-6A57-4ACF-9C56-EAAB049A2FCD}"
EndProject
Project("{FAE04EC0-301F-11D3-BF4B-00C04F79EFBC}") = "VIEWS", "VIEWS\VIEWS.csproj", "{53B8E6EA-CBF9-42C1-833F-7BBC9CC6DF65}"
EndProject
Global
	GlobalSection(SolutionConfigurationPlatforms) = preSolution
		Debug|Any CPU = Debug|Any CPU
		Release|Any CPU = Release|Any CPU
	EndGlobalSection
	GlobalSection(ProjectConfigurationPlatforms) = postSolution
		{EDD61B8A-24B1-423D-8C6D-AB85A2F59FEC}.Debug|Any CPU.ActiveCfg = Debug|Any CPU
		{EDD61B8A-24B1-423D-8C6D-AB85A2F59FEC}.Debug|Any CPU.Build.0 = Debug|Any CPU
		{EDD61B8A-24B1-423D-8C6D-AB85A2F59FEC}.Release|Any CPU.ActiveCfg = Release|Any CPU
		{EDD61B8A-24B1-423D-8C6D-AB85A2F59FEC}.Release|Any CPU.Build.0 = Release|Any CPU
		{0FA79C76-6A57-4ACF-9C56-EAAB049A2FCD}.Debug|Any CPU.ActiveCfg = Debug|Any CPU
		{0FA79C76-6A57-4ACF-9C56-EAAB049A2FCD}.Debug|Any CPU.Build.0 = Debug|Any CPU
		{0FA79C76-6A57-4ACF-9C56-EAAB049A2FCD}.Release|Any CPU.ActiveCfg = Release|Any CPU
		{0FA79C76-6A57-4ACF-9C56-EAAB049A2FCD}.Release|Any CPU.Build.0 = Release|Any CPU
		{53B8E6EA-CBF9-42C1-833F-7BBC9CC6DF65}.Debug|Any CPU.ActiveCfg = Debug|Any CPU
		{53B8E6EA-CBF9-42C1-833F-7BBC9CC6DF65}.Debug|Any CPU.Build.0 = Debug|Any CPU
		{53B8E6EA-CBF9-42C1-833F-7BBC9CC6DF65}.Release|Any CPU.ActiveCfg = Release|Any CPU
		{53B8E6EA-CBF9-42C1-833F-7BBC9CC6DF65}.Release|Any CPU.Build.0 = Release|Any CPU
	EndGlobalSection
	GlobalSection(SolutionProperties) = preSolution
		HideSolutionNode = FALSE
	EndGlobalSection
	GlobalSection(ExtensibilityGlobals) = postSolution
		SolutionGuid = {1C89F14D-A2BB-4DAD-A7C2-D505D03E91A5}
	EndGlobalSection
EndGlobal
